
Microsoft Visual Studio Solution File, Format Version 12.00
# Visual Studio Version 16
VisualStudioVersion = 16.0.30717.126
MinimumVisualStudioVersion = 10.0.40219.1
Project("{FAE04EC0-301F-11D3-BF4B-00C04F79EFBC}") = "SF.Module25", "SF.Module25.csproj", "{344AAB9E-080B-4166-B127-CBEB5F791C73}"
EndProject
Global
	GlobalSection(SolutionConfigurationPlatforms) = preSolution
		Debug|Any CPU = Debug|Any CPU
		Release|Any CPU = Release|Any CPU
	EndGlobalSection
	GlobalSection(ProjectConfigurationPlatforms) = postSolution
		{344AAB9E-080B-4166-B127-CBEB5F791C73}.Debug|Any CPU.ActiveCfg = Debug|Any CPU
		{344AAB9E-080B-4166-B127-CBEB5F791C73}.Debug|Any CPU.Build.0 = Debug|Any CPU
		{344AAB9E-080B-4166-B127-CBEB5F791C73}.Release|Any CPU.ActiveCfg = Release|Any CPU
		{344AAB9E-080B-4166-B127-CBEB5F791C73}.Release|Any CPU.Build.0 = Release|Any CPU
	EndGlobalSection
	GlobalSection(SolutionProperties) = preSolution
		HideSolutionNode = FALSE
	EndGlobalSection
	GlobalSection(ExtensibilityGlobals) = postSolution
		SolutionGuid = {F1463969-4EA6-402E-A84A-B2A6D125A4E9}
	EndGlobalSection
EndGlobal
